
Microsoft Visual Studio Solution File, Format Version 12.00
# Visual Studio Version 17
VisualStudioVersion = 17.5.33424.131
MinimumVisualStudioVersion = 10.0.40219.1
Project("{FAE04EC0-301F-11D3-BF4B-00C04F79EFBC}") = "VacationModule.WebAPI", "VacationModule.WebAPI\VacationModule.WebAPI.csproj", "{8015F6FC-3C41-4AF1-A0AD-4E6B9A32504B}"
EndProject
Project("{FAE04EC0-301F-11D3-BF4B-00C04F79EFBC}") = "VacationModule.DataAccess", "VacationModule.DataAccess\VacationModule.DataAccess.csproj", "{7FCBB58A-FA9E-4006-A68B-278D480A1F18}"
EndProject
Project("{FAE04EC0-301F-11D3-BF4B-00C04F79EFBC}") = "VacationModule.DTO", "VacationModule.DTO\VacationModule.DTO.csproj", "{72DA1275-A6D5-4AAA-8EBD-102A1F907E8C}"
EndProject
Project("{FAE04EC0-301F-11D3-BF4B-00C04F79EFBC}") = "VacationModule.POCO", "VacationModule.POCO\VacationModule.POCO.csproj", "{E671F751-7356-4395-8413-5A6793D98E9F}"
EndProject
Project("{FAE04EC0-301F-11D3-BF4B-00C04F79EFBC}") = "VacationModule.Services", "VacationModule.Services\VacationModule.Services.csproj", "{04EC896B-DFDA-4618-AF6F-4A9974CC2D10}"
EndProject
Global
	GlobalSection(SolutionConfigurationPlatforms) = preSolution
		Debug|Any CPU = Debug|Any CPU
		Release|Any CPU = Release|Any CPU
	EndGlobalSection
	GlobalSection(ProjectConfigurationPlatforms) = postSolution
		{8015F6FC-3C41-4AF1-A0AD-4E6B9A32504B}.Debug|Any CPU.ActiveCfg = Debug|Any CPU
		{8015F6FC-3C41-4AF1-A0AD-4E6B9A32504B}.Debug|Any CPU.Build.0 = Debug|Any CPU
		{8015F6FC-3C41-4AF1-A0AD-4E6B9A32504B}.Release|Any CPU.ActiveCfg = Release|Any CPU
		{8015F6FC-3C41-4AF1-A0AD-4E6B9A32504B}.Release|Any CPU.Build.0 = Release|Any CPU
		{7FCBB58A-FA9E-4006-A68B-278D480A1F18}.Debug|Any CPU.ActiveCfg = Debug|Any CPU
		{7FCBB58A-FA9E-4006-A68B-278D480A1F18}.Debug|Any CPU.Build.0 = Debug|Any CPU
		{7FCBB58A-FA9E-4006-A68B-278D480A1F18}.Release|Any CPU.ActiveCfg = Release|Any CPU
		{7FCBB58A-FA9E-4006-A68B-278D480A1F18}.Release|Any CPU.Build.0 = Release|Any CPU
		{72DA1275-A6D5-4AAA-8EBD-102A1F907E8C}.Debug|Any CPU.ActiveCfg = Debug|Any CPU
		{72DA1275-A6D5-4AAA-8EBD-102A1F907E8C}.Debug|Any CPU.Build.0 = Debug|Any CPU
		{72DA1275-A6D5-4AAA-8EBD-102A1F907E8C}.Release|Any CPU.ActiveCfg = Release|Any CPU
		{72DA1275-A6D5-4AAA-8EBD-102A1F907E8C}.Release|Any CPU.Build.0 = Release|Any CPU
		{E671F751-7356-4395-8413-5A6793D98E9F}.Debug|Any CPU.ActiveCfg = Debug|Any CPU
		{E671F751-7356-4395-8413-5A6793D98E9F}.Debug|Any CPU.Build.0 = Debug|Any CPU
		{E671F751-7356-4395-8413-5A6793D98E9F}.Release|Any CPU.ActiveCfg = Release|Any CPU
		{E671F751-7356-4395-8413-5A6793D98E9F}.Release|Any CPU.Build.0 = Release|Any CPU
		{04EC896B-DFDA-4618-AF6F-4A9974CC2D10}.Debug|Any CPU.ActiveCfg = Debug|Any CPU
		{04EC896B-DFDA-4618-AF6F-4A9974CC2D10}.Debug|Any CPU.Build.0 = Debug|Any CPU
		{04EC896B-DFDA-4618-AF6F-4A9974CC2D10}.Release|Any CPU.ActiveCfg = Release|Any CPU
		{04EC896B-DFDA-4618-AF6F-4A9974CC2D10}.Release|Any CPU.Build.0 = Release|Any CPU
	EndGlobalSection
	GlobalSection(SolutionProperties) = preSolution
		HideSolutionNode = FALSE
	EndGlobalSection
	GlobalSection(ExtensibilityGlobals) = postSolution
		SolutionGuid = {46853BC0-B3CF-4BAA-A085-82E47258A02A}
	EndGlobalSection
EndGlobal
